
Microsoft Visual Studio Solution File, Format Version 12.00
# Visual Studio Version 16
VisualStudioVersion = 16.0.30021.99
MinimumVisualStudioVersion = 10.0.40219.1
Project("{9A19103F-16F7-4668-BE54-9A1E7A4F7556}") = "Titan.Game", "src\Titan.Game\Titan.Game.csproj", "{B34C5110-4976-4350-BDDC-0E20D87AEAA8}"
EndProject
Project("{2150E333-8FDC-42A3-9474-1A3956D46DE8}") = "Engine", "Engine", "{C95E5DE7-7997-4EAB-88D2-B2BE5DBFD8A2}"
EndProject
Project("{9A19103F-16F7-4668-BE54-9A1E7A4F7556}") = "Titan.Graphics", "src\Titan.Graphics\Titan.Graphics.csproj", "{6A4D2C44-31D8-445E-9986-31457EDAE60E}"
EndProject
Project("{9A19103F-16F7-4668-BE54-9A1E7A4F7556}") = "Titan.D3D11", "src\Titan.D3D11\Titan.D3D11.csproj", "{73AC7BAF-D9CD-4172-870D-02F516CD5D7C}"
	ProjectSection(ProjectDependencies) = postProject
		{04DFF82F-9FEE-427C-BB7C-DE970BF1C10B} = {04DFF82F-9FEE-427C-BB7C-DE970BF1C10B}
	EndProjectSection
EndProject
Project("{9A19103F-16F7-4668-BE54-9A1E7A4F7556}") = "Titan.Windows", "src\Titan.Windows\Titan.Windows.csproj", "{DA6EBF80-35D5-4725-A2AA-CA5479EA7655}"
EndProject
Project("{8BC9CEB8-8B4A-11D0-8D11-00A0C91BC942}") = "Titan.D3D11.Bindings", "src\Titan.D3D11.Bindings\Titan.D3D11.Bindings.vcxproj", "{04DFF82F-9FEE-427C-BB7C-DE970BF1C10B}"
EndProject
Project("{9A19103F-16F7-4668-BE54-9A1E7A4F7556}") = "Titan.Core", "src\Titan.Core\Titan.Core.csproj", "{DE9DB8A2-3B14-4D9A-9AA1-81F95715934E}"
EndProject
Project("{9A19103F-16F7-4668-BE54-9A1E7A4F7556}") = "Titan", "src\Titan\Titan.csproj", "{3F079180-F26F-42F9-8461-97C28CF2BE0F}"
EndProject
Project("{9A19103F-16F7-4668-BE54-9A1E7A4F7556}") = "Titan.ECS", "src\Titan.ECS\Titan.ECS.csproj", "{69AB9B07-357F-4CF1-B8B2-5DDAC4ACB592}"
EndProject
Project("{2150E333-8FDC-42A3-9474-1A3956D46DE8}") = "Tests", "Tests", "{AA24A9A7-4F0F-4B42-B00D-8194E79EFCB4}"
EndProject
Project("{9A19103F-16F7-4668-BE54-9A1E7A4F7556}") = "Titan.Tests", "tests\Titan.Tests\Titan.Tests.csproj", "{AA7D8B30-5FC2-4F5D-AEA5-8C179A3B4D20}"
EndProject
Global
	GlobalSection(SolutionConfigurationPlatforms) = preSolution
		Debug|Any CPU = Debug|Any CPU
		Debug|x64 = Debug|x64
		Debug|x86 = Debug|x86
		Release|Any CPU = Release|Any CPU
		Release|x64 = Release|x64
		Release|x86 = Release|x86
	EndGlobalSection
	GlobalSection(ProjectConfigurationPlatforms) = postSolution
		{B34C5110-4976-4350-BDDC-0E20D87AEAA8}.Debug|Any CPU.ActiveCfg = Debug|Any CPU
		{B34C5110-4976-4350-BDDC-0E20D87AEAA8}.Debug|Any CPU.Build.0 = Debug|Any CPU
		{B34C5110-4976-4350-BDDC-0E20D87AEAA8}.Debug|x64.ActiveCfg = Debug|Any CPU
		{B34C5110-4976-4350-BDDC-0E20D87AEAA8}.Debug|x64.Build.0 = Debug|Any CPU
		{B34C5110-4976-4350-BDDC-0E20D87AEAA8}.Debug|x86.ActiveCfg = Debug|Any CPU
		{B34C5110-4976-4350-BDDC-0E20D87AEAA8}.Debug|x86.Build.0 = Debug|Any CPU
		{B34C5110-4976-4350-BDDC-0E20D87AEAA8}.Release|Any CPU.ActiveCfg = Release|Any CPU
		{B34C5110-4976-4350-BDDC-0E20D87AEAA8}.Release|Any CPU.Build.0 = Release|Any CPU
		{B34C5110-4976-4350-BDDC-0E20D87AEAA8}.Release|x64.ActiveCfg = Release|Any CPU
		{B34C5110-4976-4350-BDDC-0E20D87AEAA8}.Release|x64.Build.0 = Release|Any CPU
		{B34C5110-4976-4350-BDDC-0E20D87AEAA8}.Release|x86.ActiveCfg = Release|Any CPU
		{B34C5110-4976-4350-BDDC-0E20D87AEAA8}.Release|x86.Build.0 = Release|Any CPU
		{6A4D2C44-31D8-445E-9986-31457EDAE60E}.Debug|Any CPU.ActiveCfg = Debug|Any CPU
		{6A4D2C44-31D8-445E-9986-31457EDAE60E}.Debug|Any CPU.Build.0 = Debug|Any CPU
		{6A4D2C44-31D8-445E-9986-31457EDAE60E}.Debug|x64.ActiveCfg = Debug|Any CPU
		{6A4D2C44-31D8-445E-9986-31457EDAE60E}.Debug|x64.Build.0 = Debug|Any CPU
		{6A4D2C44-31D8-445E-9986-31457EDAE60E}.Debug|x86.ActiveCfg = Debug|Any CPU
		{6A4D2C44-31D8-445E-9986-31457EDAE60E}.Debug|x86.Build.0 = Debug|Any CPU
		{6A4D2C44-31D8-445E-9986-31457EDAE60E}.Release|Any CPU.ActiveCfg = Release|Any CPU
		{6A4D2C44-31D8-445E-9986-31457EDAE60E}.Release|Any CPU.Build.0 = Release|Any CPU
		{6A4D2C44-31D8-445E-9986-31457EDAE60E}.Release|x64.ActiveCfg = Release|Any CPU
		{6A4D2C44-31D8-445E-9986-31457EDAE60E}.Release|x64.Build.0 = Release|Any CPU
		{6A4D2C44-31D8-445E-9986-31457EDAE60E}.Release|x86.ActiveCfg = Release|Any CPU
		{6A4D2C44-31D8-445E-9986-31457EDAE60E}.Release|x86.Build.0 = Release|Any CPU
		{73AC7BAF-D9CD-4172-870D-02F516CD5D7C}.Debug|Any CPU.ActiveCfg = Debug|Any CPU
		{73AC7BAF-D9CD-4172-870D-02F516CD5D7C}.Debug|Any CPU.Build.0 = Debug|Any CPU
		{73AC7BAF-D9CD-4172-870D-02F516CD5D7C}.Debug|x64.ActiveCfg = Debug|Any CPU
		{73AC7BAF-D9CD-4172-870D-02F516CD5D7C}.Debug|x64.Build.0 = Debug|Any CPU
		{73AC7BAF-D9CD-4172-870D-02F516CD5D7C}.Debug|x86.ActiveCfg = Debug|Any CPU
		{73AC7BAF-D9CD-4172-870D-02F516CD5D7C}.Debug|x86.Build.0 = Debug|Any CPU
		{73AC7BAF-D9CD-4172-870D-02F516CD5D7C}.Release|Any CPU.ActiveCfg = Release|Any CPU
		{73AC7BAF-D9CD-4172-870D-02F516CD5D7C}.Release|Any CPU.Build.0 = Release|Any CPU
		{73AC7BAF-D9CD-4172-870D-02F516CD5D7C}.Release|x64.ActiveCfg = Release|Any CPU
		{73AC7BAF-D9CD-4172-870D-02F516CD5D7C}.Release|x64.Build.0 = Release|Any CPU
		{73AC7BAF-D9CD-4172-870D-02F516CD5D7C}.Release|x86.ActiveCfg = Release|Any CPU
		{73AC7BAF-D9CD-4172-870D-02F516CD5D7C}.Release|x86.Build.0 = Release|Any CPU
		{DA6EBF80-35D5-4725-A2AA-CA5479EA7655}.Debug|Any CPU.ActiveCfg = Debug|Any CPU
		{DA6EBF80-35D5-4725-A2AA-CA5479EA7655}.Debug|Any CPU.Build.0 = Debug|Any CPU
		{DA6EBF80-35D5-4725-A2AA-CA5479EA7655}.Debug|x64.ActiveCfg = Debug|Any CPU
		{DA6EBF80-35D5-4725-A2AA-CA5479EA7655}.Debug|x64.Build.0 = Debug|Any CPU
		{DA6EBF80-35D5-4725-A2AA-CA5479EA7655}.Debug|x86.ActiveCfg = Debug|Any CPU
		{DA6EBF80-35D5-4725-A2AA-CA5479EA7655}.Debug|x86.Build.0 = Debug|Any CPU
		{DA6EBF80-35D5-4725-A2AA-CA5479EA7655}.Release|Any CPU.ActiveCfg = Release|Any CPU
		{DA6EBF80-35D5-4725-A2AA-CA5479EA7655}.Release|Any CPU.Build.0 = Release|Any CPU
		{DA6EBF80-35D5-4725-A2AA-CA5479EA7655}.Release|x64.ActiveCfg = Release|Any CPU
		{DA6EBF80-35D5-4725-A2AA-CA5479EA7655}.Release|x64.Build.0 = Release|Any CPU
		{DA6EBF80-35D5-4725-A2AA-CA5479EA7655}.Release|x86.ActiveCfg = Release|Any CPU
		{DA6EBF80-35D5-4725-A2AA-CA5479EA7655}.Release|x86.Build.0 = Release|Any CPU
		{04DFF82F-9FEE-427C-BB7C-DE970BF1C10B}.Debug|Any CPU.ActiveCfg = Debug|Win32
		{04DFF82F-9FEE-427C-BB7C-DE970BF1C10B}.Debug|x64.ActiveCfg = Debug|x64
		{04DFF82F-9FEE-427C-BB7C-DE970BF1C10B}.Debug|x64.Build.0 = Debug|x64
		{04DFF82F-9FEE-427C-BB7C-DE970BF1C10B}.Debug|x86.ActiveCfg = Debug|Win32
		{04DFF82F-9FEE-427C-BB7C-DE970BF1C10B}.Debug|x86.Build.0 = Debug|Win32
		{04DFF82F-9FEE-427C-BB7C-DE970BF1C10B}.Release|Any CPU.ActiveCfg = Release|Win32
		{04DFF82F-9FEE-427C-BB7C-DE970BF1C10B}.Release|x64.ActiveCfg = Release|x64
		{04DFF82F-9FEE-427C-BB7C-DE970BF1C10B}.Release|x64.Build.0 = Release|x64
		{04DFF82F-9FEE-427C-BB7C-DE970BF1C10B}.Release|x86.ActiveCfg = Release|Win32
		{04DFF82F-9FEE-427C-BB7C-DE970BF1C10B}.Release|x86.Build.0 = Release|Win32
		{DE9DB8A2-3B14-4D9A-9AA1-81F95715934E}.Debug|Any CPU.ActiveCfg = Debug|Any CPU
		{DE9DB8A2-3B14-4D9A-9AA1-81F95715934E}.Debug|Any CPU.Build.0 = Debug|Any CPU
		{DE9DB8A2-3B14-4D9A-9AA1-81F95715934E}.Debug|x64.ActiveCfg = Debug|Any CPU
		{DE9DB8A2-3B14-4D9A-9AA1-81F95715934E}.Debug|x64.Build.0 = Debug|Any CPU
		{DE9DB8A2-3B14-4D9A-9AA1-81F95715934E}.Debug|x86.ActiveCfg = Debug|Any CPU
		{DE9DB8A2-3B14-4D9A-9AA1-81F95715934E}.Debug|x86.Build.0 = Debug|Any CPU
		{DE9DB8A2-3B14-4D9A-9AA1-81F95715934E}.Release|Any CPU.ActiveCfg = Release|Any CPU
		{DE9DB8A2-3B14-4D9A-9AA1-81F95715934E}.Release|Any CPU.Build.0 = Release|Any CPU
		{DE9DB8A2-3B14-4D9A-9AA1-81F95715934E}.Release|x64.ActiveCfg = Release|Any CPU
		{DE9DB8A2-3B14-4D9A-9AA1-81F95715934E}.Release|x64.Build.0 = Release|Any CPU
		{DE9DB8A2-3B14-4D9A-9AA1-81F95715934E}.Release|x86.ActiveCfg = Release|Any CPU
		{DE9DB8A2-3B14-4D9A-9AA1-81F95715934E}.Release|x86.Build.0 = Release|Any CPU
		{3F079180-F26F-42F9-8461-97C28CF2BE0F}.Debug|Any CPU.ActiveCfg = Debug|Any CPU
		{3F079180-F26F-42F9-8461-97C28CF2BE0F}.Debug|Any CPU.Build.0 = Debug|Any CPU
		{3F079180-F26F-42F9-8461-97C28CF2BE0F}.Debug|x64.ActiveCfg = Debug|Any CPU
		{3F079180-F26F-42F9-8461-97C28CF2BE0F}.Debug|x64.Build.0 = Debug|Any CPU
		{3F079180-F26F-42F9-8461-97C28CF2BE0F}.Debug|x86.ActiveCfg = Debug|Any CPU
		{3F079180-F26F-42F9-8461-97C28CF2BE0F}.Debug|x86.Build.0 = Debug|Any CPU
		{3F079180-F26F-42F9-8461-97C28CF2BE0F}.Release|Any CPU.ActiveCfg = Release|Any CPU
		{3F079180-F26F-42F9-8461-97C28CF2BE0F}.Release|Any CPU.Build.0 = Release|Any CPU
		{3F079180-F26F-42F9-8461-97C28CF2BE0F}.Release|x64.ActiveCfg = Release|Any CPU
		{3F079180-F26F-42F9-8461-97C28CF2BE0F}.Release|x64.Build.0 = Release|Any CPU
		{3F079180-F26F-42F9-8461-97C28CF2BE0F}.Release|x86.ActiveCfg = Release|Any CPU
		{3F079180-F26F-42F9-8461-97C28CF2BE0F}.Release|x86.Build.0 = Release|Any CPU
		{69AB9B07-357F-4CF1-B8B2-5DDAC4ACB592}.Debug|Any CPU.ActiveCfg = Debug|Any CPU
		{69AB9B07-357F-4CF1-B8B2-5DDAC4ACB592}.Debug|Any CPU.Build.0 = Debug|Any CPU
		{69AB9B07-357F-4CF1-B8B2-5DDAC4ACB592}.Debug|x64.ActiveCfg = Debug|Any CPU
		{69AB9B07-357F-4CF1-B8B2-5DDAC4ACB592}.Debug|x64.Build.0 = Debug|Any CPU
		{69AB9B07-357F-4CF1-B8B2-5DDAC4ACB592}.Debug|x86.ActiveCfg = Debug|Any CPU
		{69AB9B07-357F-4CF1-B8B2-5DDAC4ACB592}.Debug|x86.Build.0 = Debug|Any CPU
		{69AB9B07-357F-4CF1-B8B2-5DDAC4ACB592}.Release|Any CPU.ActiveCfg = Release|Any CPU
		{69AB9B07-357F-4CF1-B8B2-5DDAC4ACB592}.Release|Any CPU.Build.0 = Release|Any CPU
		{69AB9B07-357F-4CF1-B8B2-5DDAC4ACB592}.Release|x64.ActiveCfg = Release|Any CPU
		{69AB9B07-357F-4CF1-B8B2-5DDAC4ACB592}.Release|x64.Build.0 = Release|Any CPU
		{69AB9B07-357F-4CF1-B8B2-5DDAC4ACB592}.Release|x86.ActiveCfg = Release|Any CPU
		{69AB9B07-357F-4CF1-B8B2-5DDAC4ACB592}.Release|x86.Build.0 = Release|Any CPU
		{AA7D8B30-5FC2-4F5D-AEA5-8C179A3B4D20}.Debug|Any CPU.ActiveCfg = Debug|Any CPU
		{AA7D8B30-5FC2-4F5D-AEA5-8C179A3B4D20}.Debug|Any CPU.Build.0 = Debug|Any CPU
		{AA7D8B30-5FC2-4F5D-AEA5-8C179A3B4D20}.Debug|x64.ActiveCfg = Debug|Any CPU
		{AA7D8B30-5FC2-4F5D-AEA5-8C179A3B4D20}.Debug|x64.Build.0 = Debug|Any CPU
		{AA7D8B30-5FC2-4F5D-AEA5-8C179A3B4D20}.Debug|x86.ActiveCfg = Debug|Any CPU
		{AA7D8B30-5FC2-4F5D-AEA5-8C179A3B4D20}.Debug|x86.Build.0 = Debug|Any CPU
		{AA7D8B30-5FC2-4F5D-AEA5-8C179A3B4D20}.Release|Any CPU.ActiveCfg = Release|Any CPU
		{AA7D8B30-5FC2-4F5D-AEA5-8C179A3B4D20}.Release|Any CPU.Build.0 = Release|Any CPU
		{AA7D8B30-5FC2-4F5D-AEA5-8C179A3B4D20}.Release|x64.ActiveCfg = Release|Any CPU
		{AA7D8B30-5FC2-4F5D-AEA5-8C179A3B4D20}.Release|x64.Build.0 = Release|Any CPU
		{AA7D8B30-5FC2-4F5D-AEA5-8C179A3B4D20}.Release|x86.ActiveCfg = Release|Any CPU
		{AA7D8B30-5FC2-4F5D-AEA5-8C179A3B4D20}.Release|x86.Build.0 = Release|Any CPU
	EndGlobalSection
	GlobalSection(SolutionProperties) = preSolution
		HideSolutionNode = FALSE
	EndGlobalSection
	GlobalSection(NestedProjects) = preSolution
		{6A4D2C44-31D8-445E-9986-31457EDAE60E} = {C95E5DE7-7997-4EAB-88D2-B2BE5DBFD8A2}
		{73AC7BAF-D9CD-4172-870D-02F516CD5D7C} = {C95E5DE7-7997-4EAB-88D2-B2BE5DBFD8A2}
		{DA6EBF80-35D5-4725-A2AA-CA5479EA7655} = {C95E5DE7-7997-4EAB-88D2-B2BE5DBFD8A2}
		{04DFF82F-9FEE-427C-BB7C-DE970BF1C10B} = {C95E5DE7-7997-4EAB-88D2-B2BE5DBFD8A2}
		{DE9DB8A2-3B14-4D9A-9AA1-81F95715934E} = {C95E5DE7-7997-4EAB-88D2-B2BE5DBFD8A2}
		{3F079180-F26F-42F9-8461-97C28CF2BE0F} = {C95E5DE7-7997-4EAB-88D2-B2BE5DBFD8A2}
		{69AB9B07-357F-4CF1-B8B2-5DDAC4ACB592} = {C95E5DE7-7997-4EAB-88D2-B2BE5DBFD8A2}
		{AA7D8B30-5FC2-4F5D-AEA5-8C179A3B4D20} = {AA24A9A7-4F0F-4B42-B00D-8194E79EFCB4}
	EndGlobalSection
	GlobalSection(ExtensibilityGlobals) = postSolution
		SolutionGuid = {63FB40CF-B9A1-402E-9660-B171715ACF71}
	EndGlobalSection
EndGlobal
