<?xml version="1.0" encoding="utf-8"?>
<Project ToolsVersion="4.0" xmlns="http://schemas.microsoft.com/developer/msbuild/2003">
  <ItemGroup>
    <Filter Include="Graphics">
      <UniqueIdentifier>{1139904e-94ee-4264-bdcb-846b6dfd5b64}</UniqueIdentifier>
    </Filter>
    <Filter Include="Shaders">
      <UniqueIdentifier>{d0c0fda6-d13c-4630-b921-ccbf40767a76}</UniqueIdentifier>
    </Filter>
  </ItemGroup>
  <ItemGroup>
    <ClCompile Include="D3D11Device.cpp">
      <Filter>Graphics</Filter>
    </ClCompile>
    <ClCompile Include="D3D11DeviceContext.cpp">
      <Filter>Graphics</Filter>
    </ClCompile>
    <ClCompile Include="D3D11SwapChain.cpp">
      <Filter>Graphics</Filter>
    </ClCompile>
    <ClCompile Include="common.cpp" />
    <ClCompile Include="D3DBlobBindings.cpp">
      <Filter>Graphics</Filter>
    </ClCompile>
    <ClCompile Include="D3DCompiler.cpp">
      <Filter>Graphics</Filter>
    </ClCompile>
  </ItemGroup>
  <ItemGroup>
    <ClInclude Include="common.h" />
  </ItemGroup>
  <ItemGroup>
    <FxCompile Include="VertexShader.hlsl">
      <Filter>Shaders</Filter>
    </FxCompile>
    <FxCompile Include="PixelShader.hlsl">
      <Filter>Shaders</Filter>
    </FxCompile>
    <FxCompile Include="PixelShader2D.hlsl">
      <Filter>Shaders</Filter>
    </FxCompile>
    <FxCompile Include="VertexShader2D.hlsl">
      <Filter>Shaders</Filter>
    </FxCompile>
    <FxCompile Include="LinePixelShader.hlsl">
      <Filter>Shaders</Filter>
    </FxCompile>
    <FxCompile Include="LineVertexShader.hlsl">
      <Filter>Shaders</Filter>
    </FxCompile>
    <FxCompile Include="PixelShaderDeferred.hlsl">
      <Filter>Shaders</Filter>
    </FxCompile>
    <FxCompile Include="VertexShaderDeferred.hlsl">
      <Filter>Shaders</Filter>
    </FxCompile>
    <FxCompile Include="PixelShaderDeferred1.hlsl">
      <Filter>Shaders</Filter>
    </FxCompile>
  </ItemGroup>
</Project>